
Microsoft Visual Studio Solution File, Format Version 12.00
# Visual Studio 15
VisualStudioVersion = 15.0.28307.489
MinimumVisualStudioVersion = 10.0.40219.1
Project("{FAE04EC0-301F-11D3-BF4B-00C04F79EFBC}") = "SemesterProject2", "SemesterProject2\SemesterProject2.csproj", "{BD27BBE2-E795-40F2-8DA0-DEDD2C805352}"
EndProject
Global
	GlobalSection(SolutionConfigurationPlatforms) = preSolution
		Debug|Any CPU = Debug|Any CPU
		Release|Any CPU = Release|Any CPU
	EndGlobalSection
	GlobalSection(ProjectConfigurationPlatforms) = postSolution
		{BD27BBE2-E795-40F2-8DA0-DEDD2C805352}.Debug|Any CPU.ActiveCfg = Debug|Any CPU
		{BD27BBE2-E795-40F2-8DA0-DEDD2C805352}.Debug|Any CPU.Build.0 = Debug|Any CPU
		{BD27BBE2-E795-40F2-8DA0-DEDD2C805352}.Release|Any CPU.ActiveCfg = Release|Any CPU
		{BD27BBE2-E795-40F2-8DA0-DEDD2C805352}.Release|Any CPU.Build.0 = Release|Any CPU
	EndGlobalSection
	GlobalSection(SolutionProperties) = preSolution
		HideSolutionNode = FALSE
	EndGlobalSection
	GlobalSection(ExtensibilityGlobals) = postSolution
		SolutionGuid = {3C351F1F-B9D5-4203-BE54-F769E6FD450C}
	EndGlobalSection
EndGlobal
